
Microsoft Visual Studio Solution File, Format Version 12.00
# Visual Studio 15
VisualStudioVersion = 15.0.27703.2035
MinimumVisualStudioVersion = 10.0.40219.1
Project("{FAE04EC0-301F-11D3-BF4B-00C04F79EFBC}") = "CR.FacturaElectronica", "CR.FacturaElectronica\CR.FacturaElectronica.csproj", "{829E2333-A3AA-4159-A124-59549E38E12B}"
EndProject
Global
	GlobalSection(SolutionConfigurationPlatforms) = preSolution
		Debug|Any CPU = Debug|Any CPU
		Release|Any CPU = Release|Any CPU
	EndGlobalSection
	GlobalSection(ProjectConfigurationPlatforms) = postSolution
		{829E2333-A3AA-4159-A124-59549E38E12B}.Debug|Any CPU.ActiveCfg = Debug|Any CPU
		{829E2333-A3AA-4159-A124-59549E38E12B}.Debug|Any CPU.Build.0 = Debug|Any CPU
		{829E2333-A3AA-4159-A124-59549E38E12B}.Release|Any CPU.ActiveCfg = Release|Any CPU
		{829E2333-A3AA-4159-A124-59549E38E12B}.Release|Any CPU.Build.0 = Release|Any CPU
	EndGlobalSection
	GlobalSection(SolutionProperties) = preSolution
		HideSolutionNode = FALSE
	EndGlobalSection
	GlobalSection(ExtensibilityGlobals) = postSolution
		SolutionGuid = {FC43462C-0664-424E-AEE5-4CBE517B5C7E}
	EndGlobalSection
EndGlobal
